
Microsoft Visual Studio Solution File, Format Version 12.00
# Visual Studio Version 16
VisualStudioVersion = 16.0.31515.178
MinimumVisualStudioVersion = 10.0.40219.1
Project("{FAE04EC0-301F-11D3-BF4B-00C04F79EFBC}") = "UserProfile", "UserProfile\UserProfile.csproj", "{B10DE641-E50C-4AD8-A179-50C7D43F1051}"
EndProject
Global
	GlobalSection(SolutionConfigurationPlatforms) = preSolution
		Debug|Any CPU = Debug|Any CPU
		Release|Any CPU = Release|Any CPU
	EndGlobalSection
	GlobalSection(ProjectConfigurationPlatforms) = postSolution
		{B10DE641-E50C-4AD8-A179-50C7D43F1051}.Debug|Any CPU.ActiveCfg = Debug|Any CPU
		{B10DE641-E50C-4AD8-A179-50C7D43F1051}.Debug|Any CPU.Build.0 = Debug|Any CPU
		{B10DE641-E50C-4AD8-A179-50C7D43F1051}.Release|Any CPU.ActiveCfg = Release|Any CPU
		{B10DE641-E50C-4AD8-A179-50C7D43F1051}.Release|Any CPU.Build.0 = Release|Any CPU
	EndGlobalSection
	GlobalSection(SolutionProperties) = preSolution
		HideSolutionNode = FALSE
	EndGlobalSection
	GlobalSection(ExtensibilityGlobals) = postSolution
		SolutionGuid = {E07B3824-2778-4790-8028-FA8DC85F86F0}
	EndGlobalSection
EndGlobal
